
Microsoft Visual Studio Solution File, Format Version 12.00
# Visual Studio 15
VisualStudioVersion = 15.0.27428.2037
MinimumVisualStudioVersion = 10.0.40219.1
Project("{FAE04EC0-301F-11D3-BF4B-00C04F79EFBC}") = "Kontakty", "Kontakty\Kontakty.csproj", "{FE7AB72F-02D6-4EE2-9C11-512F2E135802}"
EndProject
Global
	GlobalSection(SolutionConfigurationPlatforms) = preSolution
		Debug|Any CPU = Debug|Any CPU
		Release|Any CPU = Release|Any CPU
	EndGlobalSection
	GlobalSection(ProjectConfigurationPlatforms) = postSolution
		{FE7AB72F-02D6-4EE2-9C11-512F2E135802}.Debug|Any CPU.ActiveCfg = Debug|Any CPU
		{FE7AB72F-02D6-4EE2-9C11-512F2E135802}.Debug|Any CPU.Build.0 = Debug|Any CPU
		{FE7AB72F-02D6-4EE2-9C11-512F2E135802}.Release|Any CPU.ActiveCfg = Release|Any CPU
		{FE7AB72F-02D6-4EE2-9C11-512F2E135802}.Release|Any CPU.Build.0 = Release|Any CPU
	EndGlobalSection
	GlobalSection(SolutionProperties) = preSolution
		HideSolutionNode = FALSE
	EndGlobalSection
	GlobalSection(ExtensibilityGlobals) = postSolution
		SolutionGuid = {F238816C-3F76-4A41-B6B1-DE6FFF36521E}
	EndGlobalSection
EndGlobal
